
Microsoft Visual Studio Solution File, Format Version 12.00
# Visual Studio Version 16
VisualStudioVersion = 16.0.30225.117
MinimumVisualStudioVersion = 10.0.40219.1
Project("{FAE04EC0-301F-11D3-BF4B-00C04F79EFBC}") = "RectangleIntoSquares", "RectangleIntoSquares\RectangleIntoSquares.csproj", "{D24D7869-7388-43F8-AA4C-A6D65B38B1D2}"
EndProject
Global
	GlobalSection(SolutionConfigurationPlatforms) = preSolution
		Debug|Any CPU = Debug|Any CPU
		Release|Any CPU = Release|Any CPU
	EndGlobalSection
	GlobalSection(ProjectConfigurationPlatforms) = postSolution
		{D24D7869-7388-43F8-AA4C-A6D65B38B1D2}.Debug|Any CPU.ActiveCfg = Debug|Any CPU
		{D24D7869-7388-43F8-AA4C-A6D65B38B1D2}.Debug|Any CPU.Build.0 = Debug|Any CPU
		{D24D7869-7388-43F8-AA4C-A6D65B38B1D2}.Release|Any CPU.ActiveCfg = Release|Any CPU
		{D24D7869-7388-43F8-AA4C-A6D65B38B1D2}.Release|Any CPU.Build.0 = Release|Any CPU
	EndGlobalSection
	GlobalSection(SolutionProperties) = preSolution
		HideSolutionNode = FALSE
	EndGlobalSection
	GlobalSection(ExtensibilityGlobals) = postSolution
		SolutionGuid = {F33B31E8-5B54-41F6-A84B-A0D5E84E5502}
	EndGlobalSection
EndGlobal
